{
  "name": "must-have",
  "version": "1.1.1",
  "dependencies": {
    "jspath": {
      "version": "0.3.3",
      "from": "https://registry.npmjs.org/jspath/-/jspath-0.3.3.tgz",
      "resolved": "https://registry.npmjs.org/jspath/-/jspath-0.3.3.tgz"
    },
    "underscore.string": {
      "version": "3.1.1",
      "from": "https://registry.npmjs.org/underscore.string/-/underscore.string-3.1.1.tgz",
      "resolved": "https://registry.npmjs.org/underscore.string/-/underscore.string-3.1.1.tgz"
    }
  }
}
