{
  "name": "must-have",
  "version": "1.0.1",
  "dependencies": {
    "jspath": {
      "version": "0.3.3",
      "from": "jspath@*",
      "resolved": "http://mmrepo.artifactoryonline.com/mmrepo/api/npm/npm-virtual/jspath/-/jspath-0.3.3.tgz"
    },
    "underscore.string": {
      "version": "3.1.1",
      "from": "underscore.string@*",
      "resolved": "https://registry.npmjs.org/underscore.string/-/underscore.string-3.1.1.tgz"
    }
  }
}
